<?xml version="1.0" encoding="utf-8"?>
<Project ToolsVersion="4.0" xmlns="http://schemas.microsoft.com/developer/msbuild/2003">
  <ItemGroup>
    <Filter Include="Header Files">
      <UniqueIdentifier>{93995380-89BD-4b04-88EB-625FBE52EBFB}</UniqueIdentifier>
      <Extensions>h;hh;hpp;hxx;hm;inl;inc;xsd</Extensions>
    </Filter>
    <Filter Include="Header Files\Special">
      <UniqueIdentifier>{cb95c7b0-e67e-4330-a181-93f6ab3c881a}</UniqueIdentifier>
    </Filter>
    <Filter Include="Source Files">
      <UniqueIdentifier>{4FC737F1-C7A5-4376-A066-2A32D752A2FF}</UniqueIdentifier>
      <Extensions>cpp;c;cc;cxx;def;odl;idl;hpj;bat;asm;asmx</Extensions>
    </Filter>
    <Filter Include="Source Files\Special">
      <UniqueIdentifier>{b9ea4f55-977a-4f8e-b327-ea441c8a8152}</UniqueIdentifier>
    </Filter>
    <Filter Include="Resource Files">
      <UniqueIdentifier>{67DA6AB6-F800-4c08-8B7A-83BB121AAD01}</UniqueIdentifier>
      <Extensions>rc;ico;cur;bmp;dlg;rc2;rct;bin;rgs;gif;jpg;jpeg;jpe;resx;tiff;tif;png;wav;mfcribbon-ms</Extensions>
    </Filter>
  </ItemGroup>
  <ItemGroup>
    <ClCompile Include="..\..\src\main.cpp">
      <Filter>Source Files</Filter>
    </ClCompile>
    <ClCompile Include="..\..\src\Hash.cpp">
      <Filter>Source Files\Special</Filter>
    </ClCompile>
    <ClCompile Include="..\..\src\Debugger.cpp">
      <Filter>Source Files\Special</Filter>
    </ClCompile>
    <ClCompile Include="..\..\src\Espionage.cpp">
      <Filter>Source Files</Filter>
    </ClCompile>
  </ItemGroup>
  <ItemGroup>
    <ClInclude Include="..\..\src\Queue.hpp">
      <Filter>Header Files</Filter>
    </ClInclude>
    <ClInclude Include="..\..\src\Debugger.hpp">
      <Filter>Header Files\Special</Filter>
    </ClInclude>
    <ClInclude Include="..\..\src\Guard.hpp">
      <Filter>Header Files\Special</Filter>
    </ClInclude>
    <ClInclude Include="..\..\src\Hash.hpp">
      <Filter>Header Files\Special</Filter>
    </ClInclude>
    <ClInclude Include="..\..\src\Espionage.hpp">
      <Filter>Header Files</Filter>
    </ClInclude>
  </ItemGroup>
  <ItemGroup>
    <None Include="..\..\README.md">
      <Filter>Resource Files</Filter>
    </None>
  </ItemGroup>
</Project>